<?xml version="1.0" encoding="UTF-8" standalone="yes" ?>
<CodeBlocks_project_file>
	<FileVersion major="1" minor="6" />
	<Project>
		<Option title="BaiTapLon" />
		<Option pch_mode="2" />
		<Option compiler="gcc" />
		<Build>
			<Target title="Debug Win32">
				<Option output="Debug/BaiTapLon" prefix_auto="1" extension_auto="1" />
				<Option object_output="Debug/" />
				<Option deps_output="Debug/" />
				<Option type="0" />
				<Option compiler="gcc" />
				<Compiler>
					<Add option="-Wall" />
					<Add option="-g" />
					<Add option="-DWIN32" />
					<Add option="-D_DEBUG" />
					<Add option="-D_CONSOLE" />
					<Add directory="C:/Users/Admin/source/repos/BaiTapLon/SDL2-2.0.14/include/" />
					<Add directory="$(IncludePath)/" />
					<Add directory="D:/BaiTapLon/" />
					<Add directory="C:/SDL2/SDL2_mixer-2.8.0/x86_64-w64-mingw32/include/SDL2" />
					<Add directory="C:/SDL2/SDL2_ttf-2.20.2/x86_64-w64-mingw32/include/SDL2" />
				</Compiler>
				<Linker>
					<Add library="C:/SDL2/SDL2_ttf-2.20.2/x86_64-w64-mingw32/lib/libSDL2_ttf.a" />
					<Add library="C:/SDL2/SDL2_mixer-2.8.0/x86_64-w64-mingw32/lib/libSDL2_mixer.a" />
					<Add library="C:/SDL2/SDL2-2.28.5/x86_64-w64-mingw32/lib/libSDL2.a" />
					<Add library="C:/SDL2/SDL2_image-2.8.2/x86_64-w64-mingw32/lib/libSDL2_image.a" />
					<Add directory="C:/Users/Admin/source/repos/BaiTapLon/SDL2-2.0.14/lib/x86/" />
					<Add directory="$(LibraryPath)/" />
					<Add directory="C:/SDL2/SDL2_mixer-2.8.0/x86_64-w64-mingw32/lib" />
					<Add directory="C:/SDL2/SDL2_ttf-2.20.2/x86_64-w64-mingw32/lib" />
				</Linker>
			</Target>
			<Target title="Debug x64">
				<Option output="Debug/BaiTapLon" prefix_auto="1" extension_auto="1" />
				<Option object_output="Debug/" />
				<Option deps_output="Debug/" />
				<Option type="0" />
				<Option compiler="gcc" />
				<Compiler>
					<Add option="-Wall" />
					<Add option="-g" />
					<Add option="-D_DEBUG" />
					<Add option="-D_CONSOLE" />
					<Add directory="C:/Users/Admin/source/repos/BaiTapLon/SDL2-2.0.14/include/" />
					<Add directory="$(IncludePath)/" />
					<Add directory="C:/SDL2/SDL2_mixer-2.8.0/x86_64-w64-mingw32/include" />
					<Add directory="C:/SDL2/SDL2_ttf-2.20.2/x86_64-w64-mingw32/include" />
				</Compiler>
				<Linker>
					<Add library="winmm.lib" />
					<Add library="comctl32.lib" />
					<Add library="kernel32.lib" />
					<Add library="user32.lib" />
					<Add library="gdi32.lib" />
					<Add library="winspool.lib" />
					<Add library="comdlg32.lib" />
					<Add library="advapi32.lib" />
					<Add library="shell32.lib" />
					<Add library="ole32.lib" />
					<Add library="oleaut32.lib" />
					<Add library="uuid.lib" />
					<Add library="odbc32.lib" />
					<Add library="odbccp32.lib" />
					<Add library="C:/SDL2/SDL2_ttf-2.20.2/x86_64-w64-mingw32/lib/libSDL2_ttf.a" />
					<Add library="C:/SDL2/SDL2_ttf-2.20.2/x86_64-w64-mingw32/lib/libSDL2_ttf.dll.a" />
					<Add library="C:/SDL2/SDL2_mixer-2.8.0/x86_64-w64-mingw32/lib/libSDL2_mixer.a" />
					<Add library="C:/SDL2/SDL2_mixer-2.8.0/x86_64-w64-mingw32/lib/libSDL2_mixer.dll.a" />
					<Add directory="C:/Users/Admin/source/repos/BaiTapLon/SDL2-2.0.14/lib/x86/" />
					<Add directory="$(LibraryPath)/" />
					<Add directory="C:/SDL2/SDL2_mixer-2.8.0/x86_64-w64-mingw32/lib" />
					<Add directory="C:/SDL2/SDL2_ttf-2.20.2/x86_64-w64-mingw32/lib" />
				</Linker>
			</Target>
			<Target title="Release x64">
				<Option output="Release/BaiTapLon" prefix_auto="1" extension_auto="1" />
				<Option object_output="Release/" />
				<Option deps_output="Release/" />
				<Option type="0" />
				<Option compiler="gcc" />
				<Compiler>
					<Add option="-DNDEBUG" />
					<Add option="-D_CONSOLE" />
					<Add option="-Wall" />
				</Compiler>
				<Linker>
					<Add library="winmm.lib" />
					<Add library="comctl32.lib" />
					<Add library="kernel32.lib" />
					<Add library="user32.lib" />
					<Add library="gdi32.lib" />
					<Add library="winspool.lib" />
					<Add library="comdlg32.lib" />
					<Add library="advapi32.lib" />
					<Add library="shell32.lib" />
					<Add library="ole32.lib" />
					<Add library="oleaut32.lib" />
					<Add library="uuid.lib" />
					<Add library="odbc32.lib" />
					<Add library="odbccp32.lib" />
				</Linker>
			</Target>
			<Target title="Release Win32">
				<Option output="Release/BaiTapLon" prefix_auto="1" extension_auto="1" />
				<Option object_output="Release/" />
				<Option deps_output="Release/" />
				<Option type="0" />
				<Option compiler="gcc" />
				<Compiler>
					<Add option="-DWIN32" />
					<Add option="-DNDEBUG" />
					<Add option="-D_CONSOLE" />
					<Add option="-Wall" />
				</Compiler>
				<Linker>
					<Add library="winmm.lib" />
					<Add library="comctl32.lib" />
					<Add library="kernel32.lib" />
					<Add library="user32.lib" />
					<Add library="gdi32.lib" />
					<Add library="winspool.lib" />
					<Add library="comdlg32.lib" />
					<Add library="advapi32.lib" />
					<Add library="shell32.lib" />
					<Add library="ole32.lib" />
					<Add library="oleaut32.lib" />
					<Add library="uuid.lib" />
					<Add library="odbc32.lib" />
					<Add library="odbccp32.lib" />
				</Linker>
			</Target>
		</Build>
		<Compiler>
			<Add directory="C:/SDL2/SDL2_mixer-2.8.0/x86_64-w64-mingw32/include" />
			<Add directory="C:/SDL2/SDL2_ttf-2.20.2/x86_64-w64-mingw32/include" />
		</Compiler>
		<Linker>
			<Add library="SDL2_mixer" />
			<Add library="SDL2_ttf" />
			<Add directory="C:/SDL2/SDL2_mixer-2.8.0/x86_64-w64-mingw32/lib" />
			<Add directory="C:/SDL2/SDL2_ttf-2.20.2/x86_64-w64-mingw32/lib" />
		</Linker>
		<Unit filename="../../SDL2-2.28.5/x86_64-w64-mingw32/bin/SDL2.dll" />
		<Unit filename="../../SDL2_image-2.8.2/x86_64-w64-mingw32/bin/SDL2_image.dll" />
		<Unit filename="../../SDL2_mixer-2.8.0/x86_64-w64-mingw32/bin/SDL2_mixer.dll" />
		<Unit filename="../../SDL2_ttf-2.20.2/x86_64-w64-mingw32/bin/SDL2_ttf.dll" />
		<Unit filename="GameBoard.cpp" />
		<Unit filename="GameBoard.h" />
		<Unit filename="SDL_image_functions.cpp" />
		<Unit filename="SDL_image_functions.h" />
		<Unit filename="SDL_mixer_function.cpp" />
		<Unit filename="SDL_mixer_function.h" />
		<Unit filename="SDL_ttf_function.cpp" />
		<Unit filename="SDL_ttf_function.h" />
		<Unit filename="SDL_utils.cpp" />
		<Unit filename="SDL_utils.h" />
		<Unit filename="Tile.cpp" />
		<Unit filename="Tile.h" />
		<Unit filename="game.cpp" />
		<Unit filename="game.h" />
		<Unit filename="main.cpp" />
		<Extensions>
			<lib_finder disable_auto="1" />
		</Extensions>
	</Project>
</CodeBlocks_project_file>
